<?xml version="1.0" encoding="utf-8"?>
<Project ToolsVersion="4.0" xmlns="http://schemas.microsoft.com/developer/msbuild/2003">
  <ItemGroup>
    <Filter Include="Gngine">
      <UniqueIdentifier>{1D197EB5-09BB-A88B-F275-BCDFDEB62FDC}</UniqueIdentifier>
    </Filter>
    <Filter Include="Gngine\Events">
      <UniqueIdentifier>{61C272D8-CD82-EE0E-96BD-378C023D33EB}</UniqueIdentifier>
    </Filter>
  </ItemGroup>
  <ItemGroup>
    <ClInclude Include="src\Gngine.h" />
    <ClInclude Include="src\Gngine\Application.h">
      <Filter>Gngine</Filter>
    </ClInclude>
    <ClInclude Include="src\Gngine\Core.h">
      <Filter>Gngine</Filter>
    </ClInclude>
    <ClInclude Include="src\Gngine\EntryPoint.h">
      <Filter>Gngine</Filter>
    </ClInclude>
    <ClInclude Include="src\Gngine\Events\ApplicationEvent.h">
      <Filter>Gngine\Events</Filter>
    </ClInclude>
    <ClInclude Include="src\Gngine\Events\Event.h">
      <Filter>Gngine\Events</Filter>
    </ClInclude>
    <ClInclude Include="src\Gngine\Events\KeyEvent.h">
      <Filter>Gngine\Events</Filter>
    </ClInclude>
    <ClInclude Include="src\Gngine\Events\MouseEvent.h">
      <Filter>Gngine\Events</Filter>
    </ClInclude>
    <ClInclude Include="src\Gngine\Log.h">
      <Filter>Gngine</Filter>
    </ClInclude>
    <ClInclude Include="src\Gpch.h" />
  </ItemGroup>
  <ItemGroup>
    <ClCompile Include="src\Gngine\Application.cpp">
      <Filter>Gngine</Filter>
    </ClCompile>
    <ClCompile Include="src\Gngine\Log.cpp">
      <Filter>Gngine</Filter>
    </ClCompile>
    <ClCompile Include="src\Gpch.cpp" />
  </ItemGroup>
</Project>