<?xml version="1.0" encoding="utf-8"?>
<Project ToolsVersion="4.0" xmlns="http://schemas.microsoft.com/developer/msbuild/2003">
  <ItemGroup>
    <Filter Include="Gngine">
      <UniqueIdentifier>{1D197EB5-09BB-A88B-F275-BCDFDEB62FDC}</UniqueIdentifier>
    </Filter>
    <Filter Include="Gngine\Events">
      <UniqueIdentifier>{61C272D8-CD82-EE0E-96BD-378C023D33EB}</UniqueIdentifier>
    </Filter>
    <Filter Include="Platform">
      <UniqueIdentifier>{2cc3b4f3-d30b-4fe8-9b47-08419b2d97d0}</UniqueIdentifier>
    </Filter>
    <Filter Include="Platform\Windows">
      <UniqueIdentifier>{7df6100a-a0ca-45d0-8088-78b7fd81a1cb}</UniqueIdentifier>
    </Filter>
  </ItemGroup>
  <ItemGroup>
    <ClInclude Include="src\Gngine.h" />
    <ClInclude Include="src\Gngine\Application.h">
      <Filter>Gngine</Filter>
    </ClInclude>
    <ClInclude Include="src\Gngine\Core.h">
      <Filter>Gngine</Filter>
    </ClInclude>
    <ClInclude Include="src\Gngine\EntryPoint.h">
      <Filter>Gngine</Filter>
    </ClInclude>
    <ClInclude Include="src\Gngine\Events\ApplicationEvent.h">
      <Filter>Gngine\Events</Filter>
    </ClInclude>
    <ClInclude Include="src\Gngine\Events\Event.h">
      <Filter>Gngine\Events</Filter>
    </ClInclude>
    <ClInclude Include="src\Gngine\Events\KeyEvent.h">
      <Filter>Gngine\Events</Filter>
    </ClInclude>
    <ClInclude Include="src\Gngine\Events\MouseEvent.h">
      <Filter>Gngine\Events</Filter>
    </ClInclude>
    <ClInclude Include="src\Gngine\Log.h">
      <Filter>Gngine</Filter>
    </ClInclude>
    <ClInclude Include="src\Gpch.h" />
    <ClInclude Include="Window.h">
      <Filter>Gngine</Filter>
    </ClInclude>
    <ClInclude Include="WindowsWindow.h">
      <Filter>Platform\Windows</Filter>
    </ClInclude>
  </ItemGroup>
  <ItemGroup>
    <ClCompile Include="src\Gngine\Application.cpp">
      <Filter>Gngine</Filter>
    </ClCompile>
    <ClCompile Include="src\Gngine\Log.cpp">
      <Filter>Gngine</Filter>
    </ClCompile>
    <ClCompile Include="src\Gpch.cpp" />
    <ClCompile Include="WindowsWindow.cpp">
      <Filter>Platform\Windows</Filter>
    </ClCompile>
  </ItemGroup>
</Project>